TOP ( 
  (IOPIN q(0).0);
  (IOPIN q(1).0);
  (IOPIN q(2).0);
  (IOPIN q(3).0);
  (IOPIN q(4).0);
  (IOPIN q(5).0);
  (IOPIN q(6).0);
  (IOPIN q(7).0);
  (IOPIN q(8).0);
  (IOPIN q(9).0);
  (IOPIN q(10).0);
  (IOPIN q(11).0);
  (IOPIN q(12).0);
  (IOPIN q(13).0);
  )
BOTTOM (
)
LEFT (
  (IOPIN i(0).0);
  (IOPIN i(1).0);
  (IOPIN i(2).0);
  (IOPIN i(3).0);
)
RIGHT (
)
